
Microsoft Visual Studio Solution File, Format Version 12.00
# Visual Studio Version 16
VisualStudioVersion = 16.0.31911.196
MinimumVisualStudioVersion = 10.0.40219.1
Project("{FAE04EC0-301F-11D3-BF4B-00C04F79EFBC}") = "Conversor.Android", "Conversor.Android\Conversor.Android.csproj", "{6421D752-58DE-426B-B98A-E946182405CF}"
EndProject
Project("{FAE04EC0-301F-11D3-BF4B-00C04F79EFBC}") = "Conversor.iOS", "Conversor.iOS\Conversor.iOS.csproj", "{A81D9ABE-FA4C-46A8-9BCD-DDF012FEE35E}"
EndProject
Project("{FAE04EC0-301F-11D3-BF4B-00C04F79EFBC}") = "Conversor", "Conversor\Conversor.csproj", "{2ECB1E66-B218-4AE5-BE8D-D31071296D58}"
EndProject
Global
	GlobalSection(SolutionConfigurationPlatforms) = preSolution
		Debug|Any CPU = Debug|Any CPU
		Debug|iPhone = Debug|iPhone
		Debug|iPhoneSimulator = Debug|iPhoneSimulator
		Release|Any CPU = Release|Any CPU
		Release|iPhone = Release|iPhone
		Release|iPhoneSimulator = Release|iPhoneSimulator
	EndGlobalSection
	GlobalSection(ProjectConfigurationPlatforms) = postSolution
		{6421D752-58DE-426B-B98A-E946182405CF}.Debug|Any CPU.ActiveCfg = Debug|Any CPU
		{6421D752-58DE-426B-B98A-E946182405CF}.Debug|Any CPU.Build.0 = Debug|Any CPU
		{6421D752-58DE-426B-B98A-E946182405CF}.Debug|Any CPU.Deploy.0 = Debug|Any CPU
		{6421D752-58DE-426B-B98A-E946182405CF}.Debug|iPhone.ActiveCfg = Debug|Any CPU
		{6421D752-58DE-426B-B98A-E946182405CF}.Debug|iPhone.Build.0 = Debug|Any CPU
		{6421D752-58DE-426B-B98A-E946182405CF}.Debug|iPhone.Deploy.0 = Debug|Any CPU
		{6421D752-58DE-426B-B98A-E946182405CF}.Debug|iPhoneSimulator.ActiveCfg = Debug|Any CPU
		{6421D752-58DE-426B-B98A-E946182405CF}.Debug|iPhoneSimulator.Build.0 = Debug|Any CPU
		{6421D752-58DE-426B-B98A-E946182405CF}.Debug|iPhoneSimulator.Deploy.0 = Debug|Any CPU
		{6421D752-58DE-426B-B98A-E946182405CF}.Release|Any CPU.ActiveCfg = Release|Any CPU
		{6421D752-58DE-426B-B98A-E946182405CF}.Release|Any CPU.Build.0 = Release|Any CPU
		{6421D752-58DE-426B-B98A-E946182405CF}.Release|Any CPU.Deploy.0 = Release|Any CPU
		{6421D752-58DE-426B-B98A-E946182405CF}.Release|iPhone.ActiveCfg = Release|Any CPU
		{6421D752-58DE-426B-B98A-E946182405CF}.Release|iPhone.Build.0 = Release|Any CPU
		{6421D752-58DE-426B-B98A-E946182405CF}.Release|iPhone.Deploy.0 = Release|Any CPU
		{6421D752-58DE-426B-B98A-E946182405CF}.Release|iPhoneSimulator.ActiveCfg = Release|Any CPU
		{6421D752-58DE-426B-B98A-E946182405CF}.Release|iPhoneSimulator.Build.0 = Release|Any CPU
		{6421D752-58DE-426B-B98A-E946182405CF}.Release|iPhoneSimulator.Deploy.0 = Release|Any CPU
		{A81D9ABE-FA4C-46A8-9BCD-DDF012FEE35E}.Debug|Any CPU.ActiveCfg = Debug|iPhone
		{A81D9ABE-FA4C-46A8-9BCD-DDF012FEE35E}.Debug|Any CPU.Build.0 = Debug|iPhone
		{A81D9ABE-FA4C-46A8-9BCD-DDF012FEE35E}.Debug|Any CPU.Deploy.0 = Debug|iPhone
		{A81D9ABE-FA4C-46A8-9BCD-DDF012FEE35E}.Debug|iPhone.ActiveCfg = Debug|iPhone
		{A81D9ABE-FA4C-46A8-9BCD-DDF012FEE35E}.Debug|iPhone.Build.0 = Debug|iPhone
		{A81D9ABE-FA4C-46A8-9BCD-DDF012FEE35E}.Debug|iPhone.Deploy.0 = Debug|iPhone
		{A81D9ABE-FA4C-46A8-9BCD-DDF012FEE35E}.Debug|iPhoneSimulator.ActiveCfg = Debug|iPhoneSimulator
		{A81D9ABE-FA4C-46A8-9BCD-DDF012FEE35E}.Debug|iPhoneSimulator.Build.0 = Debug|iPhoneSimulator
		{A81D9ABE-FA4C-46A8-9BCD-DDF012FEE35E}.Debug|iPhoneSimulator.Deploy.0 = Debug|iPhoneSimulator
		{A81D9ABE-FA4C-46A8-9BCD-DDF012FEE35E}.Release|Any CPU.ActiveCfg = Release|iPhoneSimulator
		{A81D9ABE-FA4C-46A8-9BCD-DDF012FEE35E}.Release|Any CPU.Build.0 = Release|iPhoneSimulator
		{A81D9ABE-FA4C-46A8-9BCD-DDF012FEE35E}.Release|Any CPU.Deploy.0 = Release|iPhoneSimulator
		{A81D9ABE-FA4C-46A8-9BCD-DDF012FEE35E}.Release|iPhone.ActiveCfg = Release|iPhone
		{A81D9ABE-FA4C-46A8-9BCD-DDF012FEE35E}.Release|iPhone.Build.0 = Release|iPhone
		{A81D9ABE-FA4C-46A8-9BCD-DDF012FEE35E}.Release|iPhone.Deploy.0 = Release|iPhone
		{A81D9ABE-FA4C-46A8-9BCD-DDF012FEE35E}.Release|iPhoneSimulator.ActiveCfg = Release|iPhoneSimulator
		{A81D9ABE-FA4C-46A8-9BCD-DDF012FEE35E}.Release|iPhoneSimulator.Build.0 = Release|iPhoneSimulator
		{A81D9ABE-FA4C-46A8-9BCD-DDF012FEE35E}.Release|iPhoneSimulator.Deploy.0 = Release|iPhoneSimulator
		{2ECB1E66-B218-4AE5-BE8D-D31071296D58}.Debug|Any CPU.ActiveCfg = Debug|Any CPU
		{2ECB1E66-B218-4AE5-BE8D-D31071296D58}.Debug|Any CPU.Build.0 = Debug|Any CPU
		{2ECB1E66-B218-4AE5-BE8D-D31071296D58}.Debug|Any CPU.Deploy.0 = Debug|Any CPU
		{2ECB1E66-B218-4AE5-BE8D-D31071296D58}.Debug|iPhone.ActiveCfg = Debug|Any CPU
		{2ECB1E66-B218-4AE5-BE8D-D31071296D58}.Debug|iPhone.Build.0 = Debug|Any CPU
		{2ECB1E66-B218-4AE5-BE8D-D31071296D58}.Debug|iPhone.Deploy.0 = Debug|Any CPU
		{2ECB1E66-B218-4AE5-BE8D-D31071296D58}.Debug|iPhoneSimulator.ActiveCfg = Debug|Any CPU
		{2ECB1E66-B218-4AE5-BE8D-D31071296D58}.Debug|iPhoneSimulator.Build.0 = Debug|Any CPU
		{2ECB1E66-B218-4AE5-BE8D-D31071296D58}.Debug|iPhoneSimulator.Deploy.0 = Debug|Any CPU
		{2ECB1E66-B218-4AE5-BE8D-D31071296D58}.Release|Any CPU.ActiveCfg = Release|Any CPU
		{2ECB1E66-B218-4AE5-BE8D-D31071296D58}.Release|Any CPU.Build.0 = Release|Any CPU
		{2ECB1E66-B218-4AE5-BE8D-D31071296D58}.Release|Any CPU.Deploy.0 = Release|Any CPU
		{2ECB1E66-B218-4AE5-BE8D-D31071296D58}.Release|iPhone.ActiveCfg = Release|Any CPU
		{2ECB1E66-B218-4AE5-BE8D-D31071296D58}.Release|iPhone.Build.0 = Release|Any CPU
		{2ECB1E66-B218-4AE5-BE8D-D31071296D58}.Release|iPhone.Deploy.0 = Release|Any CPU
		{2ECB1E66-B218-4AE5-BE8D-D31071296D58}.Release|iPhoneSimulator.ActiveCfg = Release|Any CPU
		{2ECB1E66-B218-4AE5-BE8D-D31071296D58}.Release|iPhoneSimulator.Build.0 = Release|Any CPU
		{2ECB1E66-B218-4AE5-BE8D-D31071296D58}.Release|iPhoneSimulator.Deploy.0 = Release|Any CPU
	EndGlobalSection
	GlobalSection(SolutionProperties) = preSolution
		HideSolutionNode = FALSE
	EndGlobalSection
	GlobalSection(ExtensibilityGlobals) = postSolution
		SolutionGuid = {AA87F536-919E-4D95-98C3-0CE15A68F41B}
	EndGlobalSection
EndGlobal
